# THIS IS AN AUTOGENERATED FILE. DO NOT EDIT THIS FILE DIRECTLY.
# yarn lockfile v1


number-to-text@^0.3.8:
  version "0.3.8"
  resolved "https://registry.yarnpkg.com/number-to-text/-/number-to-text-0.3.8.tgz#99f3af4cf30945a7a91102185931de069360cad4"
  integrity sha512-K4CPj4uV1bzx2BSVxWCon9gEwdzbYCi0P3wxMIoYpeYs3aixQsdvhrWW4/ugISyc93sKDi9NXbevmhUlGcynSA==

xrange@^1.0.1:
  version "1.0.1"
  resolved "https://registry.yarnpkg.com/xrange/-/xrange-1.0.1.tgz#156df2378d1ecf6ae697b32fe8db941beb65a32a"
  integrity sha1-FW3yN40ez2rml7Mv6NuUG+tloyo=
